
Microsoft Visual Studio Solution File, Format Version 12.00
# Visual Studio Version 17
VisualStudioVersion = 17.3.32804.467
MinimumVisualStudioVersion = 10.0.40219.1
Project("{FAE04EC0-301F-11D3-BF4B-00C04F79EFBC}") = "UpperRockPapperScissors", "UpperRockPapperScissors\UpperRockPapperScissors.csproj", "{5EA318D3-6286-4B61-B95C-1932596C4D73}"
EndProject
Global
	GlobalSection(SolutionConfigurationPlatforms) = preSolution
		Debug|Any CPU = Debug|Any CPU
		Release|Any CPU = Release|Any CPU
	EndGlobalSection
	GlobalSection(ProjectConfigurationPlatforms) = postSolution
		{5EA318D3-6286-4B61-B95C-1932596C4D73}.Debug|Any CPU.ActiveCfg = Debug|Any CPU
		{5EA318D3-6286-4B61-B95C-1932596C4D73}.Debug|Any CPU.Build.0 = Debug|Any CPU
		{5EA318D3-6286-4B61-B95C-1932596C4D73}.Release|Any CPU.ActiveCfg = Release|Any CPU
		{5EA318D3-6286-4B61-B95C-1932596C4D73}.Release|Any CPU.Build.0 = Release|Any CPU
	EndGlobalSection
	GlobalSection(SolutionProperties) = preSolution
		HideSolutionNode = FALSE
	EndGlobalSection
	GlobalSection(ExtensibilityGlobals) = postSolution
		SolutionGuid = {8899E20F-FCCA-4200-AD5C-05BEABB7D59E}
	EndGlobalSection
EndGlobal
